
Microsoft Visual Studio Solution File, Format Version 12.00
# Visual Studio 15
VisualStudioVersion = 15.0.27428.2037
MinimumVisualStudioVersion = 10.0.40219.1
Project("{FAE04EC0-301F-11D3-BF4B-00C04F79EFBC}") = "StreamCentral ADLS Integration", "StreamCentral ADLS Integration\StreamCentral ADLS Integration.csproj", "{93AF5BAB-5967-439C-81B0-2E82172133FB}"
EndProject
Project("{FAE04EC0-301F-11D3-BF4B-00C04F79EFBC}") = "StreamCentralUSQLReader", "StreamcentralUSQLReader\StreamCentralUSQLReader.csproj", "{287CEC1B-BB9D-4A45-94E4-0249D0557C5D}"
EndProject
Project("{FAE04EC0-301F-11D3-BF4B-00C04F79EFBC}") = "AzureDatalakeStorereader", "StreamCentralAzureDatalakeStorereader\AzureDatalakeStorereader.csproj", "{B673D003-0668-4748-A442-DC7AECD3E1A7}"
EndProject
Project("{FAE04EC0-301F-11D3-BF4B-00C04F79EFBC}") = "AzureActiveDirectoryReadWrite", "AzureActiveDirectoryReadWrite\AzureActiveDirectoryReadWrite.csproj", "{8EF3ED61-3013-464E-B51E-886D6FEA350D}"
EndProject
Global
	GlobalSection(SolutionConfigurationPlatforms) = preSolution
		Debug|Any CPU = Debug|Any CPU
		Release|Any CPU = Release|Any CPU
	EndGlobalSection
	GlobalSection(ProjectConfigurationPlatforms) = postSolution
		{93AF5BAB-5967-439C-81B0-2E82172133FB}.Debug|Any CPU.ActiveCfg = Debug|Any CPU
		{93AF5BAB-5967-439C-81B0-2E82172133FB}.Debug|Any CPU.Build.0 = Debug|Any CPU
		{93AF5BAB-5967-439C-81B0-2E82172133FB}.Release|Any CPU.ActiveCfg = Release|Any CPU
		{93AF5BAB-5967-439C-81B0-2E82172133FB}.Release|Any CPU.Build.0 = Release|Any CPU
		{287CEC1B-BB9D-4A45-94E4-0249D0557C5D}.Debug|Any CPU.ActiveCfg = Debug|Any CPU
		{287CEC1B-BB9D-4A45-94E4-0249D0557C5D}.Debug|Any CPU.Build.0 = Debug|Any CPU
		{287CEC1B-BB9D-4A45-94E4-0249D0557C5D}.Release|Any CPU.ActiveCfg = Release|Any CPU
		{287CEC1B-BB9D-4A45-94E4-0249D0557C5D}.Release|Any CPU.Build.0 = Release|Any CPU
		{B673D003-0668-4748-A442-DC7AECD3E1A7}.Debug|Any CPU.ActiveCfg = Debug|Any CPU
		{B673D003-0668-4748-A442-DC7AECD3E1A7}.Debug|Any CPU.Build.0 = Debug|Any CPU
		{B673D003-0668-4748-A442-DC7AECD3E1A7}.Release|Any CPU.ActiveCfg = Release|Any CPU
		{B673D003-0668-4748-A442-DC7AECD3E1A7}.Release|Any CPU.Build.0 = Release|Any CPU
		{8EF3ED61-3013-464E-B51E-886D6FEA350D}.Debug|Any CPU.ActiveCfg = Debug|Any CPU
		{8EF3ED61-3013-464E-B51E-886D6FEA350D}.Debug|Any CPU.Build.0 = Debug|Any CPU
		{8EF3ED61-3013-464E-B51E-886D6FEA350D}.Release|Any CPU.ActiveCfg = Release|Any CPU
		{8EF3ED61-3013-464E-B51E-886D6FEA350D}.Release|Any CPU.Build.0 = Release|Any CPU
	EndGlobalSection
	GlobalSection(SolutionProperties) = preSolution
		HideSolutionNode = FALSE
	EndGlobalSection
	GlobalSection(ExtensibilityGlobals) = postSolution
		SolutionGuid = {5DAA1CA0-1173-4109-AA41-9127A2CC3466}
	EndGlobalSection
EndGlobal
